
Microsoft Visual Studio Solution File, Format Version 12.00
# Visual Studio Version 17
VisualStudioVersion = 17.1.32210.238
MinimumVisualStudioVersion = 10.0.40219.1
Project("{8BC9CEB8-8B4A-11D0-8D11-00A0C91BC942}") = "Laboratory work 2", "Laboratory work 2.vcxproj", "{728C6578-12EE-4FC2-9D7B-69C27E600165}"
EndProject
Global
	GlobalSection(SolutionConfigurationPlatforms) = preSolution
		Debug|x64 = Debug|x64
		Debug|x86 = Debug|x86
		Release|x64 = Release|x64
		Release|x86 = Release|x86
	EndGlobalSection
	GlobalSection(ProjectConfigurationPlatforms) = postSolution
		{728C6578-12EE-4FC2-9D7B-69C27E600165}.Debug|x64.ActiveCfg = Debug|x64
		{728C6578-12EE-4FC2-9D7B-69C27E600165}.Debug|x64.Build.0 = Debug|x64
		{728C6578-12EE-4FC2-9D7B-69C27E600165}.Debug|x86.ActiveCfg = Debug|Win32
		{728C6578-12EE-4FC2-9D7B-69C27E600165}.Debug|x86.Build.0 = Debug|Win32
		{728C6578-12EE-4FC2-9D7B-69C27E600165}.Release|x64.ActiveCfg = Release|x64
		{728C6578-12EE-4FC2-9D7B-69C27E600165}.Release|x64.Build.0 = Release|x64
		{728C6578-12EE-4FC2-9D7B-69C27E600165}.Release|x86.ActiveCfg = Release|Win32
		{728C6578-12EE-4FC2-9D7B-69C27E600165}.Release|x86.Build.0 = Release|Win32
	EndGlobalSection
	GlobalSection(SolutionProperties) = preSolution
		HideSolutionNode = FALSE
	EndGlobalSection
	GlobalSection(ExtensibilityGlobals) = postSolution
		SolutionGuid = {7CDDD971-B551-44ED-AAE4-CC56FB0BC4A0}
	EndGlobalSection
EndGlobal
