
Microsoft Visual Studio Solution File, Format Version 12.00
# Visual Studio Version 17
VisualStudioVersion = 17.4.33103.184
MinimumVisualStudioVersion = 10.0.40219.1
Project("{8BC9CEB8-8B4A-11D0-8D11-00A0C91BC942}") = "StaffLibrary", "StaffLibrary.vcxproj", "{FCD425FA-30E1-429B-945C-4C1A62054166}"
EndProject
Global
	GlobalSection(SolutionConfigurationPlatforms) = preSolution
		Debug|x64 = Debug|x64
		Debug|x86 = Debug|x86
		Release|x64 = Release|x64
		Release|x86 = Release|x86
	EndGlobalSection
	GlobalSection(ProjectConfigurationPlatforms) = postSolution
		{FCD425FA-30E1-429B-945C-4C1A62054166}.Debug|x64.ActiveCfg = Debug|x64
		{FCD425FA-30E1-429B-945C-4C1A62054166}.Debug|x64.Build.0 = Debug|x64
		{FCD425FA-30E1-429B-945C-4C1A62054166}.Debug|x86.ActiveCfg = Debug|Win32
		{FCD425FA-30E1-429B-945C-4C1A62054166}.Debug|x86.Build.0 = Debug|Win32
		{FCD425FA-30E1-429B-945C-4C1A62054166}.Release|x64.ActiveCfg = Release|x64
		{FCD425FA-30E1-429B-945C-4C1A62054166}.Release|x64.Build.0 = Release|x64
		{FCD425FA-30E1-429B-945C-4C1A62054166}.Release|x86.ActiveCfg = Release|Win32
		{FCD425FA-30E1-429B-945C-4C1A62054166}.Release|x86.Build.0 = Release|Win32
	EndGlobalSection
	GlobalSection(SolutionProperties) = preSolution
		HideSolutionNode = FALSE
	EndGlobalSection
	GlobalSection(ExtensibilityGlobals) = postSolution
		SolutionGuid = {1270367C-8310-495C-BA63-F774FC335D20}
	EndGlobalSection
EndGlobal
