
Microsoft Visual Studio Solution File, Format Version 12.00
# Visual Studio Version 17
VisualStudioVersion = 17.1.32210.238
MinimumVisualStudioVersion = 10.0.40219.1
Project("{8BC9CEB8-8B4A-11D0-8D11-00A0C91BC942}") = "Laboratory work 2.1", "Laboratory work 2.1.vcxproj", "{BBF96D38-BF5D-46B3-9160-1DF1C933EFE5}"
EndProject
Global
	GlobalSection(SolutionConfigurationPlatforms) = preSolution
		Debug|x64 = Debug|x64
		Debug|x86 = Debug|x86
		Release|x64 = Release|x64
		Release|x86 = Release|x86
	EndGlobalSection
	GlobalSection(ProjectConfigurationPlatforms) = postSolution
		{BBF96D38-BF5D-46B3-9160-1DF1C933EFE5}.Debug|x64.ActiveCfg = Debug|x64
		{BBF96D38-BF5D-46B3-9160-1DF1C933EFE5}.Debug|x64.Build.0 = Debug|x64
		{BBF96D38-BF5D-46B3-9160-1DF1C933EFE5}.Debug|x86.ActiveCfg = Debug|Win32
		{BBF96D38-BF5D-46B3-9160-1DF1C933EFE5}.Debug|x86.Build.0 = Debug|Win32
		{BBF96D38-BF5D-46B3-9160-1DF1C933EFE5}.Release|x64.ActiveCfg = Release|x64
		{BBF96D38-BF5D-46B3-9160-1DF1C933EFE5}.Release|x64.Build.0 = Release|x64
		{BBF96D38-BF5D-46B3-9160-1DF1C933EFE5}.Release|x86.ActiveCfg = Release|Win32
		{BBF96D38-BF5D-46B3-9160-1DF1C933EFE5}.Release|x86.Build.0 = Release|Win32
	EndGlobalSection
	GlobalSection(SolutionProperties) = preSolution
		HideSolutionNode = FALSE
	EndGlobalSection
	GlobalSection(ExtensibilityGlobals) = postSolution
		SolutionGuid = {B8746D01-C7A1-43FC-9CE0-A70D588940C6}
	EndGlobalSection
EndGlobal
