
Microsoft Visual Studio Solution File, Format Version 12.00
# Visual Studio Version 17
VisualStudioVersion = 17.1.32210.238
MinimumVisualStudioVersion = 10.0.40219.1
Project("{8BC9CEB8-8B4A-11D0-8D11-00A0C91BC942}") = "Laboratory work 1", "Laboratory work 1.vcxproj", "{084E40D5-B071-421A-9722-01BE57F6BD78}"
EndProject
Global
	GlobalSection(SolutionConfigurationPlatforms) = preSolution
		Debug|x64 = Debug|x64
		Debug|x86 = Debug|x86
		Release|x64 = Release|x64
		Release|x86 = Release|x86
	EndGlobalSection
	GlobalSection(ProjectConfigurationPlatforms) = postSolution
		{084E40D5-B071-421A-9722-01BE57F6BD78}.Debug|x64.ActiveCfg = Debug|x64
		{084E40D5-B071-421A-9722-01BE57F6BD78}.Debug|x64.Build.0 = Debug|x64
		{084E40D5-B071-421A-9722-01BE57F6BD78}.Debug|x86.ActiveCfg = Debug|Win32
		{084E40D5-B071-421A-9722-01BE57F6BD78}.Debug|x86.Build.0 = Debug|Win32
		{084E40D5-B071-421A-9722-01BE57F6BD78}.Release|x64.ActiveCfg = Release|x64
		{084E40D5-B071-421A-9722-01BE57F6BD78}.Release|x64.Build.0 = Release|x64
		{084E40D5-B071-421A-9722-01BE57F6BD78}.Release|x86.ActiveCfg = Release|Win32
		{084E40D5-B071-421A-9722-01BE57F6BD78}.Release|x86.Build.0 = Release|Win32
	EndGlobalSection
	GlobalSection(SolutionProperties) = preSolution
		HideSolutionNode = FALSE
	EndGlobalSection
	GlobalSection(ExtensibilityGlobals) = postSolution
		SolutionGuid = {3C977E38-D862-40F3-AE6F-FB3FA6F9C0C4}
	EndGlobalSection
EndGlobal
